
Microsoft Visual Studio Solution File, Format Version 12.00
# Visual Studio Version 17
VisualStudioVersion = 17.1.32407.343
MinimumVisualStudioVersion = 10.0.40219.1
Project("{9A19103F-16F7-4668-BE54-9A1E7A4F7556}") = "OPCardsMod", "OPCardsMod.csproj", "{7AE22D1C-2972-4FD6-B070-20FB4A79BE3B}"
EndProject
Global
	GlobalSection(SolutionConfigurationPlatforms) = preSolution
		Debug|Any CPU = Debug|Any CPU
		Release|Any CPU = Release|Any CPU
	EndGlobalSection
	GlobalSection(ProjectConfigurationPlatforms) = postSolution
		{7AE22D1C-2972-4FD6-B070-20FB4A79BE3B}.Debug|Any CPU.ActiveCfg = Debug|Any CPU
		{7AE22D1C-2972-4FD6-B070-20FB4A79BE3B}.Debug|Any CPU.Build.0 = Debug|Any CPU
		{7AE22D1C-2972-4FD6-B070-20FB4A79BE3B}.Release|Any CPU.ActiveCfg = Release|Any CPU
		{7AE22D1C-2972-4FD6-B070-20FB4A79BE3B}.Release|Any CPU.Build.0 = Release|Any CPU
	EndGlobalSection
	GlobalSection(SolutionProperties) = preSolution
		HideSolutionNode = FALSE
	EndGlobalSection
	GlobalSection(ExtensibilityGlobals) = postSolution
		SolutionGuid = {B861D88D-DF03-4D27-B989-9164922C24FA}
	EndGlobalSection
EndGlobal
